
Microsoft Visual Studio Solution File, Format Version 12.00
# Visual Studio 15
VisualStudioVersion = 15.0.27130.2036
MinimumVisualStudioVersion = 10.0.40219.1
Project("{E24C65DC-7377-472B-9ABA-BC803B73C61A}") = "DevAV.Bootstrap", ".", "{022A5462-C346-4132-B3DF-F5F53ADF7FA0}"
	ProjectSection(WebsiteProperties) = preProject
		TargetFrameworkMoniker = ".NETFramework,Version%3Dv4.0"
		Debug.AspNetCompiler.VirtualPath = "/DevAV.Bootstrap"
		Debug.AspNetCompiler.PhysicalPath = "..\DevAV.Bootstrap\"
		Debug.AspNetCompiler.TargetPath = "..\PrecompiledWeb\DevAV.Bootstrap\"
		Debug.AspNetCompiler.Updateable = "true"
		Debug.AspNetCompiler.ForceOverwrite = "true"
		Debug.AspNetCompiler.FixedNames = "false"
		Debug.AspNetCompiler.Debug = "True"
		Release.AspNetCompiler.VirtualPath = "/DevAV.Bootstrap"
		Release.AspNetCompiler.PhysicalPath = "..\DevAV.Bootstrap\"
		Release.AspNetCompiler.TargetPath = "..\PrecompiledWeb\DevAV.Bootstrap\"
		Release.AspNetCompiler.Updateable = "true"
		Release.AspNetCompiler.ForceOverwrite = "true"
		Release.AspNetCompiler.FixedNames = "false"
		Release.AspNetCompiler.Debug = "False"
		VWDPort = "61754"
		SlnRelativePath = "..\DevAV.Bootstrap\"
	EndProjectSection
EndProject
Global
	GlobalSection(SolutionConfigurationPlatforms) = preSolution
		Debug|.NET = Debug|.NET
		Debug|Any CPU = Debug|Any CPU
		Release|.NET = Release|.NET
		Release|Any CPU = Release|Any CPU
	EndGlobalSection
	GlobalSection(ProjectConfigurationPlatforms) = postSolution
		{022A5462-C346-4132-B3DF-F5F53ADF7FA0}.Debug|.NET.ActiveCfg = Debug|Any CPU
		{022A5462-C346-4132-B3DF-F5F53ADF7FA0}.Debug|Any CPU.ActiveCfg = Debug|Any CPU
		{022A5462-C346-4132-B3DF-F5F53ADF7FA0}.Debug|Any CPU.Build.0 = Debug|Any CPU
		{022A5462-C346-4132-B3DF-F5F53ADF7FA0}.Release|.NET.ActiveCfg = Debug|Any CPU
		{022A5462-C346-4132-B3DF-F5F53ADF7FA0}.Release|Any CPU.ActiveCfg = Debug|Any CPU
		{022A5462-C346-4132-B3DF-F5F53ADF7FA0}.Release|Any CPU.Build.0 = Debug|Any CPU
	EndGlobalSection
	GlobalSection(SolutionProperties) = preSolution
		HideSolutionNode = FALSE
	EndGlobalSection
	GlobalSection(ExtensibilityGlobals) = postSolution
		SolutionGuid = {2FB0F37D-1894-457E-9855-CFF567AD3EE5}
	EndGlobalSection
EndGlobal
